
Microsoft Visual Studio Solution File, Format Version 12.00
# Visual Studio Version 16
VisualStudioVersion = 16.0.30320.27
MinimumVisualStudioVersion = 10.0.40219.1
Project("{8BC9CEB8-8B4A-11D0-8D11-00A0C91BC942}") = "tardy", "tardy\tardy.vcxproj", "{B21AB3FD-A1FD-46AC-9EBE-FDC02236A0B5}"
EndProject
Global
	GlobalSection(SolutionConfigurationPlatforms) = preSolution
		Debug|x64 = Debug|x64
		Debug|x86 = Debug|x86
		Release|x64 = Release|x64
		Release|x86 = Release|x86
	EndGlobalSection
	GlobalSection(ProjectConfigurationPlatforms) = postSolution
		{B21AB3FD-A1FD-46AC-9EBE-FDC02236A0B5}.Debug|x64.ActiveCfg = Debug|x64
		{B21AB3FD-A1FD-46AC-9EBE-FDC02236A0B5}.Debug|x64.Build.0 = Debug|x64
		{B21AB3FD-A1FD-46AC-9EBE-FDC02236A0B5}.Debug|x86.ActiveCfg = Debug|Win32
		{B21AB3FD-A1FD-46AC-9EBE-FDC02236A0B5}.Debug|x86.Build.0 = Debug|Win32
		{B21AB3FD-A1FD-46AC-9EBE-FDC02236A0B5}.Release|x64.ActiveCfg = Release|x64
		{B21AB3FD-A1FD-46AC-9EBE-FDC02236A0B5}.Release|x64.Build.0 = Release|x64
		{B21AB3FD-A1FD-46AC-9EBE-FDC02236A0B5}.Release|x86.ActiveCfg = Release|Win32
		{B21AB3FD-A1FD-46AC-9EBE-FDC02236A0B5}.Release|x86.Build.0 = Release|Win32
	EndGlobalSection
	GlobalSection(SolutionProperties) = preSolution
		HideSolutionNode = FALSE
	EndGlobalSection
	GlobalSection(ExtensibilityGlobals) = postSolution
		SolutionGuid = {FAAA53CE-C949-4DD1-9F8B-4DB8F3E1E268}
	EndGlobalSection
EndGlobal
